
Microsoft Visual Studio Solution File, Format Version 12.00
# Visual Studio Version 17
VisualStudioVersion = 17.9.34728.123
MinimumVisualStudioVersion = 10.0.40219.1
Project("{FAE04EC0-301F-11D3-BF4B-00C04F79EFBC}") = "TPWeb_equipo-11", "TPWeb_equipo-11\TPWeb_equipo-11.csproj", "{4343FC97-6F7B-4999-83F9-9244F01B3992}"
EndProject
Project("{FAE04EC0-301F-11D3-BF4B-00C04F79EFBC}") = "dominio", "dominio\dominio.csproj", "{21A949B7-01D0-4DBD-9752-60466B344D88}"
EndProject
Project("{FAE04EC0-301F-11D3-BF4B-00C04F79EFBC}") = "negocio", "negocio\negocio.csproj", "{70F4FE7B-9F79-42CA-97E3-7AF4EE8B4268}"
EndProject
Global
	GlobalSection(SolutionConfigurationPlatforms) = preSolution
		Debug|Any CPU = Debug|Any CPU
		Release|Any CPU = Release|Any CPU
	EndGlobalSection
	GlobalSection(ProjectConfigurationPlatforms) = postSolution
		{4343FC97-6F7B-4999-83F9-9244F01B3992}.Debug|Any CPU.ActiveCfg = Debug|Any CPU
		{4343FC97-6F7B-4999-83F9-9244F01B3992}.Debug|Any CPU.Build.0 = Debug|Any CPU
		{4343FC97-6F7B-4999-83F9-9244F01B3992}.Release|Any CPU.ActiveCfg = Release|Any CPU
		{4343FC97-6F7B-4999-83F9-9244F01B3992}.Release|Any CPU.Build.0 = Release|Any CPU
		{21A949B7-01D0-4DBD-9752-60466B344D88}.Debug|Any CPU.ActiveCfg = Debug|Any CPU
		{21A949B7-01D0-4DBD-9752-60466B344D88}.Debug|Any CPU.Build.0 = Debug|Any CPU
		{21A949B7-01D0-4DBD-9752-60466B344D88}.Release|Any CPU.ActiveCfg = Release|Any CPU
		{21A949B7-01D0-4DBD-9752-60466B344D88}.Release|Any CPU.Build.0 = Release|Any CPU
		{70F4FE7B-9F79-42CA-97E3-7AF4EE8B4268}.Debug|Any CPU.ActiveCfg = Debug|Any CPU
		{70F4FE7B-9F79-42CA-97E3-7AF4EE8B4268}.Debug|Any CPU.Build.0 = Debug|Any CPU
		{70F4FE7B-9F79-42CA-97E3-7AF4EE8B4268}.Release|Any CPU.ActiveCfg = Release|Any CPU
		{70F4FE7B-9F79-42CA-97E3-7AF4EE8B4268}.Release|Any CPU.Build.0 = Release|Any CPU
	EndGlobalSection
	GlobalSection(SolutionProperties) = preSolution
		HideSolutionNode = FALSE
	EndGlobalSection
	GlobalSection(ExtensibilityGlobals) = postSolution
		SolutionGuid = {9699F470-1015-4987-AB8A-71CDDCDFE4A2}
	EndGlobalSection
EndGlobal
